
Microsoft Visual Studio Solution File, Format Version 12.00
# Visual Studio Version 16
VisualStudioVersion = 16.0.30320.27
MinimumVisualStudioVersion = 10.0.40219.1
Project("{FAE04EC0-301F-11D3-BF4B-00C04F79EFBC}") = "RealEstates.ConsoleApplication", "RealEstates.ConsoleApplication\RealEstates.ConsoleApplication.csproj", "{291B913C-A5DC-44CB-ADAF-32B3E4B7C2BF}"
EndProject
Project("{FAE04EC0-301F-11D3-BF4B-00C04F79EFBC}") = "RealEstates.Importer", "RealEstates.Importer\RealEstates.Importer.csproj", "{4D3881A0-16DB-42B8-A8E1-21D0BC6EA034}"
EndProject
Project("{FAE04EC0-301F-11D3-BF4B-00C04F79EFBC}") = "RealEstates.Services", "RealEstates.Services\RealEstates.Services.csproj", "{DE747410-40E1-4BC2-8A1E-1909CE221941}"
EndProject
Project("{FAE04EC0-301F-11D3-BF4B-00C04F79EFBC}") = "RealEstates.Models", "RealEstates.Models\RealEstates.Models.csproj", "{8C94D8D2-EC57-4245-B469-11D85D64F0DB}"
EndProject
Project("{FAE04EC0-301F-11D3-BF4B-00C04F79EFBC}") = "RealEstates.Data", "RealEstates.Data\RealEstates.Data.csproj", "{F94DC1A7-FFE9-4E26-A557-708983310B22}"
EndProject
Global
	GlobalSection(SolutionConfigurationPlatforms) = preSolution
		Debug|Any CPU = Debug|Any CPU
		Release|Any CPU = Release|Any CPU
	EndGlobalSection
	GlobalSection(ProjectConfigurationPlatforms) = postSolution
		{291B913C-A5DC-44CB-ADAF-32B3E4B7C2BF}.Debug|Any CPU.ActiveCfg = Debug|Any CPU
		{291B913C-A5DC-44CB-ADAF-32B3E4B7C2BF}.Debug|Any CPU.Build.0 = Debug|Any CPU
		{291B913C-A5DC-44CB-ADAF-32B3E4B7C2BF}.Release|Any CPU.ActiveCfg = Release|Any CPU
		{291B913C-A5DC-44CB-ADAF-32B3E4B7C2BF}.Release|Any CPU.Build.0 = Release|Any CPU
		{4D3881A0-16DB-42B8-A8E1-21D0BC6EA034}.Debug|Any CPU.ActiveCfg = Debug|Any CPU
		{4D3881A0-16DB-42B8-A8E1-21D0BC6EA034}.Debug|Any CPU.Build.0 = Debug|Any CPU
		{4D3881A0-16DB-42B8-A8E1-21D0BC6EA034}.Release|Any CPU.ActiveCfg = Release|Any CPU
		{4D3881A0-16DB-42B8-A8E1-21D0BC6EA034}.Release|Any CPU.Build.0 = Release|Any CPU
		{DE747410-40E1-4BC2-8A1E-1909CE221941}.Debug|Any CPU.ActiveCfg = Debug|Any CPU
		{DE747410-40E1-4BC2-8A1E-1909CE221941}.Debug|Any CPU.Build.0 = Debug|Any CPU
		{DE747410-40E1-4BC2-8A1E-1909CE221941}.Release|Any CPU.ActiveCfg = Release|Any CPU
		{DE747410-40E1-4BC2-8A1E-1909CE221941}.Release|Any CPU.Build.0 = Release|Any CPU
		{8C94D8D2-EC57-4245-B469-11D85D64F0DB}.Debug|Any CPU.ActiveCfg = Debug|Any CPU
		{8C94D8D2-EC57-4245-B469-11D85D64F0DB}.Debug|Any CPU.Build.0 = Debug|Any CPU
		{8C94D8D2-EC57-4245-B469-11D85D64F0DB}.Release|Any CPU.ActiveCfg = Release|Any CPU
		{8C94D8D2-EC57-4245-B469-11D85D64F0DB}.Release|Any CPU.Build.0 = Release|Any CPU
		{F94DC1A7-FFE9-4E26-A557-708983310B22}.Debug|Any CPU.ActiveCfg = Debug|Any CPU
		{F94DC1A7-FFE9-4E26-A557-708983310B22}.Debug|Any CPU.Build.0 = Debug|Any CPU
		{F94DC1A7-FFE9-4E26-A557-708983310B22}.Release|Any CPU.ActiveCfg = Release|Any CPU
		{F94DC1A7-FFE9-4E26-A557-708983310B22}.Release|Any CPU.Build.0 = Release|Any CPU
	EndGlobalSection
	GlobalSection(SolutionProperties) = preSolution
		HideSolutionNode = FALSE
	EndGlobalSection
	GlobalSection(ExtensibilityGlobals) = postSolution
		SolutionGuid = {D674195C-91AC-4517-9F2F-D697E4563771}
	EndGlobalSection
EndGlobal
