
Microsoft Visual Studio Solution File, Format Version 12.00
# Visual Studio 15
VisualStudioVersion = 15.0.27703.2047
MinimumVisualStudioVersion = 10.0.40219.1
Project("{FAE04EC0-301F-11D3-BF4B-00C04F79EFBC}") = "Phonebook", "Phonebook\Phonebook.csproj", "{43043A00-69DD-43C4-A595-C38D070BC7F4}"
EndProject
Global
	GlobalSection(SolutionConfigurationPlatforms) = preSolution
		Debug|Any CPU = Debug|Any CPU
		Release|Any CPU = Release|Any CPU
	EndGlobalSection
	GlobalSection(ProjectConfigurationPlatforms) = postSolution
		{43043A00-69DD-43C4-A595-C38D070BC7F4}.Debug|Any CPU.ActiveCfg = Debug|Any CPU
		{43043A00-69DD-43C4-A595-C38D070BC7F4}.Debug|Any CPU.Build.0 = Debug|Any CPU
		{43043A00-69DD-43C4-A595-C38D070BC7F4}.Release|Any CPU.ActiveCfg = Release|Any CPU
		{43043A00-69DD-43C4-A595-C38D070BC7F4}.Release|Any CPU.Build.0 = Release|Any CPU
	EndGlobalSection
	GlobalSection(SolutionProperties) = preSolution
		HideSolutionNode = FALSE
	EndGlobalSection
	GlobalSection(ExtensibilityGlobals) = postSolution
		SolutionGuid = {12769ED9-B39B-459D-AC78-D981608C570E}
	EndGlobalSection
EndGlobal
